
Microsoft Visual Studio Solution File, Format Version 12.00
# Visual Studio 15
VisualStudioVersion = 15.0.26124.0
MinimumVisualStudioVersion = 15.0.26124.0
Project("{FAE04EC0-301F-11D3-BF4B-00C04F79EFBC}") = "Domain", "Domain\Domain.csproj", "{A7D06435-72BA-408D-A002-D84124DF9838}"
EndProject
Project("{FAE04EC0-301F-11D3-BF4B-00C04F79EFBC}") = "Application", "Application\Application.csproj", "{F142F55A-4855-4B8F-B25E-11593BB6AFF1}"
EndProject
Project("{FAE04EC0-301F-11D3-BF4B-00C04F79EFBC}") = "Persistence", "Persistence\Persistence.csproj", "{920DAB25-C854-42BD-AA67-913D9E840F36}"
EndProject
Project("{FAE04EC0-301F-11D3-BF4B-00C04F79EFBC}") = "API", "API\API.csproj", "{D9BDAC25-89B3-452B-B7B2-42D214DF1A94}"
EndProject
Project("{FAE04EC0-301F-11D3-BF4B-00C04F79EFBC}") = "Infrastructure", "Infrastructure\Infrastructure.csproj", "{106045D2-31DC-42A5-95F5-C4A3579B3C32}"
EndProject
Global
	GlobalSection(SolutionConfigurationPlatforms) = preSolution
		Debug|Any CPU = Debug|Any CPU
		Debug|x64 = Debug|x64
		Debug|x86 = Debug|x86
		Release|Any CPU = Release|Any CPU
		Release|x64 = Release|x64
		Release|x86 = Release|x86
	EndGlobalSection
	GlobalSection(SolutionProperties) = preSolution
		HideSolutionNode = FALSE
	EndGlobalSection
	GlobalSection(ProjectConfigurationPlatforms) = postSolution
		{A7D06435-72BA-408D-A002-D84124DF9838}.Debug|Any CPU.ActiveCfg = Debug|Any CPU
		{A7D06435-72BA-408D-A002-D84124DF9838}.Debug|Any CPU.Build.0 = Debug|Any CPU
		{A7D06435-72BA-408D-A002-D84124DF9838}.Debug|x64.ActiveCfg = Debug|Any CPU
		{A7D06435-72BA-408D-A002-D84124DF9838}.Debug|x64.Build.0 = Debug|Any CPU
		{A7D06435-72BA-408D-A002-D84124DF9838}.Debug|x86.ActiveCfg = Debug|Any CPU
		{A7D06435-72BA-408D-A002-D84124DF9838}.Debug|x86.Build.0 = Debug|Any CPU
		{A7D06435-72BA-408D-A002-D84124DF9838}.Release|Any CPU.ActiveCfg = Release|Any CPU
		{A7D06435-72BA-408D-A002-D84124DF9838}.Release|Any CPU.Build.0 = Release|Any CPU
		{A7D06435-72BA-408D-A002-D84124DF9838}.Release|x64.ActiveCfg = Release|Any CPU
		{A7D06435-72BA-408D-A002-D84124DF9838}.Release|x64.Build.0 = Release|Any CPU
		{A7D06435-72BA-408D-A002-D84124DF9838}.Release|x86.ActiveCfg = Release|Any CPU
		{A7D06435-72BA-408D-A002-D84124DF9838}.Release|x86.Build.0 = Release|Any CPU
		{F142F55A-4855-4B8F-B25E-11593BB6AFF1}.Debug|Any CPU.ActiveCfg = Debug|Any CPU
		{F142F55A-4855-4B8F-B25E-11593BB6AFF1}.Debug|Any CPU.Build.0 = Debug|Any CPU
		{F142F55A-4855-4B8F-B25E-11593BB6AFF1}.Debug|x64.ActiveCfg = Debug|Any CPU
		{F142F55A-4855-4B8F-B25E-11593BB6AFF1}.Debug|x64.Build.0 = Debug|Any CPU
		{F142F55A-4855-4B8F-B25E-11593BB6AFF1}.Debug|x86.ActiveCfg = Debug|Any CPU
		{F142F55A-4855-4B8F-B25E-11593BB6AFF1}.Debug|x86.Build.0 = Debug|Any CPU
		{F142F55A-4855-4B8F-B25E-11593BB6AFF1}.Release|Any CPU.ActiveCfg = Release|Any CPU
		{F142F55A-4855-4B8F-B25E-11593BB6AFF1}.Release|Any CPU.Build.0 = Release|Any CPU
		{F142F55A-4855-4B8F-B25E-11593BB6AFF1}.Release|x64.ActiveCfg = Release|Any CPU
		{F142F55A-4855-4B8F-B25E-11593BB6AFF1}.Release|x64.Build.0 = Release|Any CPU
		{F142F55A-4855-4B8F-B25E-11593BB6AFF1}.Release|x86.ActiveCfg = Release|Any CPU
		{F142F55A-4855-4B8F-B25E-11593BB6AFF1}.Release|x86.Build.0 = Release|Any CPU
		{920DAB25-C854-42BD-AA67-913D9E840F36}.Debug|Any CPU.ActiveCfg = Debug|Any CPU
		{920DAB25-C854-42BD-AA67-913D9E840F36}.Debug|Any CPU.Build.0 = Debug|Any CPU
		{920DAB25-C854-42BD-AA67-913D9E840F36}.Debug|x64.ActiveCfg = Debug|Any CPU
		{920DAB25-C854-42BD-AA67-913D9E840F36}.Debug|x64.Build.0 = Debug|Any CPU
		{920DAB25-C854-42BD-AA67-913D9E840F36}.Debug|x86.ActiveCfg = Debug|Any CPU
		{920DAB25-C854-42BD-AA67-913D9E840F36}.Debug|x86.Build.0 = Debug|Any CPU
		{920DAB25-C854-42BD-AA67-913D9E840F36}.Release|Any CPU.ActiveCfg = Release|Any CPU
		{920DAB25-C854-42BD-AA67-913D9E840F36}.Release|Any CPU.Build.0 = Release|Any CPU
		{920DAB25-C854-42BD-AA67-913D9E840F36}.Release|x64.ActiveCfg = Release|Any CPU
		{920DAB25-C854-42BD-AA67-913D9E840F36}.Release|x64.Build.0 = Release|Any CPU
		{920DAB25-C854-42BD-AA67-913D9E840F36}.Release|x86.ActiveCfg = Release|Any CPU
		{920DAB25-C854-42BD-AA67-913D9E840F36}.Release|x86.Build.0 = Release|Any CPU
		{D9BDAC25-89B3-452B-B7B2-42D214DF1A94}.Debug|Any CPU.ActiveCfg = Debug|Any CPU
		{D9BDAC25-89B3-452B-B7B2-42D214DF1A94}.Debug|Any CPU.Build.0 = Debug|Any CPU
		{D9BDAC25-89B3-452B-B7B2-42D214DF1A94}.Debug|x64.ActiveCfg = Debug|Any CPU
		{D9BDAC25-89B3-452B-B7B2-42D214DF1A94}.Debug|x64.Build.0 = Debug|Any CPU
		{D9BDAC25-89B3-452B-B7B2-42D214DF1A94}.Debug|x86.ActiveCfg = Debug|Any CPU
		{D9BDAC25-89B3-452B-B7B2-42D214DF1A94}.Debug|x86.Build.0 = Debug|Any CPU
		{D9BDAC25-89B3-452B-B7B2-42D214DF1A94}.Release|Any CPU.ActiveCfg = Release|Any CPU
		{D9BDAC25-89B3-452B-B7B2-42D214DF1A94}.Release|Any CPU.Build.0 = Release|Any CPU
		{D9BDAC25-89B3-452B-B7B2-42D214DF1A94}.Release|x64.ActiveCfg = Release|Any CPU
		{D9BDAC25-89B3-452B-B7B2-42D214DF1A94}.Release|x64.Build.0 = Release|Any CPU
		{D9BDAC25-89B3-452B-B7B2-42D214DF1A94}.Release|x86.ActiveCfg = Release|Any CPU
		{D9BDAC25-89B3-452B-B7B2-42D214DF1A94}.Release|x86.Build.0 = Release|Any CPU
		{106045D2-31DC-42A5-95F5-C4A3579B3C32}.Debug|Any CPU.ActiveCfg = Debug|Any CPU
		{106045D2-31DC-42A5-95F5-C4A3579B3C32}.Debug|Any CPU.Build.0 = Debug|Any CPU
		{106045D2-31DC-42A5-95F5-C4A3579B3C32}.Debug|x64.ActiveCfg = Debug|Any CPU
		{106045D2-31DC-42A5-95F5-C4A3579B3C32}.Debug|x64.Build.0 = Debug|Any CPU
		{106045D2-31DC-42A5-95F5-C4A3579B3C32}.Debug|x86.ActiveCfg = Debug|Any CPU
		{106045D2-31DC-42A5-95F5-C4A3579B3C32}.Debug|x86.Build.0 = Debug|Any CPU
		{106045D2-31DC-42A5-95F5-C4A3579B3C32}.Release|Any CPU.ActiveCfg = Release|Any CPU
		{106045D2-31DC-42A5-95F5-C4A3579B3C32}.Release|Any CPU.Build.0 = Release|Any CPU
		{106045D2-31DC-42A5-95F5-C4A3579B3C32}.Release|x64.ActiveCfg = Release|Any CPU
		{106045D2-31DC-42A5-95F5-C4A3579B3C32}.Release|x64.Build.0 = Release|Any CPU
		{106045D2-31DC-42A5-95F5-C4A3579B3C32}.Release|x86.ActiveCfg = Release|Any CPU
		{106045D2-31DC-42A5-95F5-C4A3579B3C32}.Release|x86.Build.0 = Release|Any CPU
	EndGlobalSection
EndGlobal
